{
  "object": {
    "pins": [
      {
        "package": "SparrowKit",
        "repositoryURL": "https://github.com/ivanvorobei/SparrowKit",
        "state": {
          "branch": null,
          "revision": "df2ba76dd6a27dfe721a193bb3a7888e311693d1",
          "version": "3.5.1"
        }
      },
      {
        "package": "SPDiffable",
        "repositoryURL": "https://github.com/ivanvorobei/SPDiffable",
        "state": {
          "branch": null,
          "revision": "096ffb560906f762db4798ffa932d1c116ec8e9d",
          "version": "4.0.1"
        }
      }
    ]
  },
  "version": 1
}
